
Microsoft Visual Studio Solution File, Format Version 12.00
# Visual Studio Version 17
VisualStudioVersion = 17.7.34221.43
MinimumVisualStudioVersion = 10.0.40219.1
Project("{FAE04EC0-301F-11D3-BF4B-00C04F79EFBC}") = "WebApp", "WebApp\WebApp.csproj", "{312007BD-0C3D-4592-8F8F-6C742FF4F1C7}"
EndProject
Global
	GlobalSection(SolutionConfigurationPlatforms) = preSolution
		Debug|Any CPU = Debug|Any CPU
		Release|Any CPU = Release|Any CPU
	EndGlobalSection
	GlobalSection(ProjectConfigurationPlatforms) = postSolution
		{312007BD-0C3D-4592-8F8F-6C742FF4F1C7}.Debug|Any CPU.ActiveCfg = Debug|Any CPU
		{312007BD-0C3D-4592-8F8F-6C742FF4F1C7}.Debug|Any CPU.Build.0 = Debug|Any CPU
		{312007BD-0C3D-4592-8F8F-6C742FF4F1C7}.Release|Any CPU.ActiveCfg = Release|Any CPU
		{312007BD-0C3D-4592-8F8F-6C742FF4F1C7}.Release|Any CPU.Build.0 = Release|Any CPU
	EndGlobalSection
	GlobalSection(SolutionProperties) = preSolution
		HideSolutionNode = FALSE
	EndGlobalSection
	GlobalSection(ExtensibilityGlobals) = postSolution
		SolutionGuid = {AD45FB58-A8B4-49B0-8224-2D9676E3CFE5}
	EndGlobalSection
EndGlobal
